
Microsoft Visual Studio Solution File, Format Version 12.00
# Visual Studio 14
VisualStudioVersion = 14.0.25420.1
MinimumVisualStudioVersion = 10.0.40219.1
Project("{FAE04EC0-301F-11D3-BF4B-00C04F79EFBC}") = "TaskMe.Infrastructure", "TaskMe.Infrastructure\TaskMe.Infrastructure.csproj", "{1FB352FB-1ADA-4442-ABBF-2F8030109559}"
EndProject
Project("{FAE04EC0-301F-11D3-BF4B-00C04F79EFBC}") = "TaskMe.Domain", "TaskMe.Domain\TaskMe.Domain.csproj", "{8B1FADA9-E812-4569-AFFA-C160192A1F89}"
EndProject
Project("{FAE04EC0-301F-11D3-BF4B-00C04F79EFBC}") = "TaskMe.Debug", "TaskMe.Debug\TaskMe.Debug.csproj", "{9D495C16-972E-4928-8836-D02BF040DB83}"
EndProject
Project("{FAE04EC0-301F-11D3-BF4B-00C04F79EFBC}") = "TaskMe.Service", "TaskMe.Service\TaskMe.Service.csproj", "{EA444E39-8FE8-4CC0-BF24-A4A4DDF9F328}"
EndProject
Project("{262852C6-CD72-467D-83FE-5EEB1973A190}") = "TaskMe", "TaskMe\TaskMe.jsproj", "{F63EF2B5-30A0-47CD-94B9-F959E02D4599}"
EndProject
Global
	GlobalSection(SolutionConfigurationPlatforms) = preSolution
		Debug|Android = Debug|Android
		Debug|Any CPU = Debug|Any CPU
		Debug|iOS = Debug|iOS
		Debug|Windows Phone (Universal) = Debug|Windows Phone (Universal)
		Debug|Windows Phone 8 = Debug|Windows Phone 8
		Debug|Windows-AnyCPU = Debug|Windows-AnyCPU
		Debug|Windows-ARM = Debug|Windows-ARM
		Debug|Windows-x64 = Debug|Windows-x64
		Debug|Windows-x86 = Debug|Windows-x86
		Release|Android = Release|Android
		Release|Any CPU = Release|Any CPU
		Release|iOS = Release|iOS
		Release|Windows Phone (Universal) = Release|Windows Phone (Universal)
		Release|Windows Phone 8 = Release|Windows Phone 8
		Release|Windows-AnyCPU = Release|Windows-AnyCPU
		Release|Windows-ARM = Release|Windows-ARM
		Release|Windows-x64 = Release|Windows-x64
		Release|Windows-x86 = Release|Windows-x86
	EndGlobalSection
	GlobalSection(ProjectConfigurationPlatforms) = postSolution
		{1FB352FB-1ADA-4442-ABBF-2F8030109559}.Debug|Android.ActiveCfg = Debug|Any CPU
		{1FB352FB-1ADA-4442-ABBF-2F8030109559}.Debug|Android.Build.0 = Debug|Any CPU
		{1FB352FB-1ADA-4442-ABBF-2F8030109559}.Debug|Any CPU.ActiveCfg = Debug|Any CPU
		{1FB352FB-1ADA-4442-ABBF-2F8030109559}.Debug|Any CPU.Build.0 = Debug|Any CPU
		{1FB352FB-1ADA-4442-ABBF-2F8030109559}.Debug|iOS.ActiveCfg = Debug|Any CPU
		{1FB352FB-1ADA-4442-ABBF-2F8030109559}.Debug|iOS.Build.0 = Debug|Any CPU
		{1FB352FB-1ADA-4442-ABBF-2F8030109559}.Debug|Windows Phone (Universal).ActiveCfg = Debug|Any CPU
		{1FB352FB-1ADA-4442-ABBF-2F8030109559}.Debug|Windows Phone (Universal).Build.0 = Debug|Any CPU
		{1FB352FB-1ADA-4442-ABBF-2F8030109559}.Debug|Windows Phone 8.ActiveCfg = Debug|Any CPU
		{1FB352FB-1ADA-4442-ABBF-2F8030109559}.Debug|Windows Phone 8.Build.0 = Debug|Any CPU
		{1FB352FB-1ADA-4442-ABBF-2F8030109559}.Debug|Windows-AnyCPU.ActiveCfg = Debug|Any CPU
		{1FB352FB-1ADA-4442-ABBF-2F8030109559}.Debug|Windows-AnyCPU.Build.0 = Debug|Any CPU
		{1FB352FB-1ADA-4442-ABBF-2F8030109559}.Debug|Windows-ARM.ActiveCfg = Debug|Any CPU
		{1FB352FB-1ADA-4442-ABBF-2F8030109559}.Debug|Windows-ARM.Build.0 = Debug|Any CPU
		{1FB352FB-1ADA-4442-ABBF-2F8030109559}.Debug|Windows-x64.ActiveCfg = Debug|Any CPU
		{1FB352FB-1ADA-4442-ABBF-2F8030109559}.Debug|Windows-x64.Build.0 = Debug|Any CPU
		{1FB352FB-1ADA-4442-ABBF-2F8030109559}.Debug|Windows-x86.ActiveCfg = Debug|Any CPU
		{1FB352FB-1ADA-4442-ABBF-2F8030109559}.Debug|Windows-x86.Build.0 = Debug|Any CPU
		{1FB352FB-1ADA-4442-ABBF-2F8030109559}.Release|Android.ActiveCfg = Release|Any CPU
		{1FB352FB-1ADA-4442-ABBF-2F8030109559}.Release|Android.Build.0 = Release|Any CPU
		{1FB352FB-1ADA-4442-ABBF-2F8030109559}.Release|Any CPU.ActiveCfg = Release|Any CPU
		{1FB352FB-1ADA-4442-ABBF-2F8030109559}.Release|Any CPU.Build.0 = Release|Any CPU
		{1FB352FB-1ADA-4442-ABBF-2F8030109559}.Release|iOS.ActiveCfg = Release|Any CPU
		{1FB352FB-1ADA-4442-ABBF-2F8030109559}.Release|iOS.Build.0 = Release|Any CPU
		{1FB352FB-1ADA-4442-ABBF-2F8030109559}.Release|Windows Phone (Universal).ActiveCfg = Release|Any CPU
		{1FB352FB-1ADA-4442-ABBF-2F8030109559}.Release|Windows Phone (Universal).Build.0 = Release|Any CPU
		{1FB352FB-1ADA-4442-ABBF-2F8030109559}.Release|Windows Phone 8.ActiveCfg = Release|Any CPU
		{1FB352FB-1ADA-4442-ABBF-2F8030109559}.Release|Windows Phone 8.Build.0 = Release|Any CPU
		{1FB352FB-1ADA-4442-ABBF-2F8030109559}.Release|Windows-AnyCPU.ActiveCfg = Release|Any CPU
		{1FB352FB-1ADA-4442-ABBF-2F8030109559}.Release|Windows-AnyCPU.Build.0 = Release|Any CPU
		{1FB352FB-1ADA-4442-ABBF-2F8030109559}.Release|Windows-ARM.ActiveCfg = Release|Any CPU
		{1FB352FB-1ADA-4442-ABBF-2F8030109559}.Release|Windows-ARM.Build.0 = Release|Any CPU
		{1FB352FB-1ADA-4442-ABBF-2F8030109559}.Release|Windows-x64.ActiveCfg = Release|Any CPU
		{1FB352FB-1ADA-4442-ABBF-2F8030109559}.Release|Windows-x64.Build.0 = Release|Any CPU
		{1FB352FB-1ADA-4442-ABBF-2F8030109559}.Release|Windows-x86.ActiveCfg = Release|Any CPU
		{1FB352FB-1ADA-4442-ABBF-2F8030109559}.Release|Windows-x86.Build.0 = Release|Any CPU
		{8B1FADA9-E812-4569-AFFA-C160192A1F89}.Debug|Android.ActiveCfg = Debug|Any CPU
		{8B1FADA9-E812-4569-AFFA-C160192A1F89}.Debug|Android.Build.0 = Debug|Any CPU
		{8B1FADA9-E812-4569-AFFA-C160192A1F89}.Debug|Any CPU.ActiveCfg = Debug|Any CPU
		{8B1FADA9-E812-4569-AFFA-C160192A1F89}.Debug|Any CPU.Build.0 = Debug|Any CPU
		{8B1FADA9-E812-4569-AFFA-C160192A1F89}.Debug|iOS.ActiveCfg = Debug|Any CPU
		{8B1FADA9-E812-4569-AFFA-C160192A1F89}.Debug|iOS.Build.0 = Debug|Any CPU
		{8B1FADA9-E812-4569-AFFA-C160192A1F89}.Debug|Windows Phone (Universal).ActiveCfg = Debug|Any CPU
		{8B1FADA9-E812-4569-AFFA-C160192A1F89}.Debug|Windows Phone (Universal).Build.0 = Debug|Any CPU
		{8B1FADA9-E812-4569-AFFA-C160192A1F89}.Debug|Windows Phone 8.ActiveCfg = Debug|Any CPU
		{8B1FADA9-E812-4569-AFFA-C160192A1F89}.Debug|Windows Phone 8.Build.0 = Debug|Any CPU
		{8B1FADA9-E812-4569-AFFA-C160192A1F89}.Debug|Windows-AnyCPU.ActiveCfg = Debug|Any CPU
		{8B1FADA9-E812-4569-AFFA-C160192A1F89}.Debug|Windows-AnyCPU.Build.0 = Debug|Any CPU
		{8B1FADA9-E812-4569-AFFA-C160192A1F89}.Debug|Windows-ARM.ActiveCfg = Debug|Any CPU
		{8B1FADA9-E812-4569-AFFA-C160192A1F89}.Debug|Windows-ARM.Build.0 = Debug|Any CPU
		{8B1FADA9-E812-4569-AFFA-C160192A1F89}.Debug|Windows-x64.ActiveCfg = Debug|Any CPU
		{8B1FADA9-E812-4569-AFFA-C160192A1F89}.Debug|Windows-x64.Build.0 = Debug|Any CPU
		{8B1FADA9-E812-4569-AFFA-C160192A1F89}.Debug|Windows-x86.ActiveCfg = Debug|Any CPU
		{8B1FADA9-E812-4569-AFFA-C160192A1F89}.Debug|Windows-x86.Build.0 = Debug|Any CPU
		{8B1FADA9-E812-4569-AFFA-C160192A1F89}.Release|Android.ActiveCfg = Release|Any CPU
		{8B1FADA9-E812-4569-AFFA-C160192A1F89}.Release|Android.Build.0 = Release|Any CPU
		{8B1FADA9-E812-4569-AFFA-C160192A1F89}.Release|Any CPU.ActiveCfg = Release|Any CPU
		{8B1FADA9-E812-4569-AFFA-C160192A1F89}.Release|Any CPU.Build.0 = Release|Any CPU
		{8B1FADA9-E812-4569-AFFA-C160192A1F89}.Release|iOS.ActiveCfg = Release|Any CPU
		{8B1FADA9-E812-4569-AFFA-C160192A1F89}.Release|iOS.Build.0 = Release|Any CPU
		{8B1FADA9-E812-4569-AFFA-C160192A1F89}.Release|Windows Phone (Universal).ActiveCfg = Release|Any CPU
		{8B1FADA9-E812-4569-AFFA-C160192A1F89}.Release|Windows Phone (Universal).Build.0 = Release|Any CPU
		{8B1FADA9-E812-4569-AFFA-C160192A1F89}.Release|Windows Phone 8.ActiveCfg = Release|Any CPU
		{8B1FADA9-E812-4569-AFFA-C160192A1F89}.Release|Windows Phone 8.Build.0 = Release|Any CPU
		{8B1FADA9-E812-4569-AFFA-C160192A1F89}.Release|Windows-AnyCPU.ActiveCfg = Release|Any CPU
		{8B1FADA9-E812-4569-AFFA-C160192A1F89}.Release|Windows-AnyCPU.Build.0 = Release|Any CPU
		{8B1FADA9-E812-4569-AFFA-C160192A1F89}.Release|Windows-ARM.ActiveCfg = Release|Any CPU
		{8B1FADA9-E812-4569-AFFA-C160192A1F89}.Release|Windows-ARM.Build.0 = Release|Any CPU
		{8B1FADA9-E812-4569-AFFA-C160192A1F89}.Release|Windows-x64.ActiveCfg = Release|Any CPU
		{8B1FADA9-E812-4569-AFFA-C160192A1F89}.Release|Windows-x64.Build.0 = Release|Any CPU
		{8B1FADA9-E812-4569-AFFA-C160192A1F89}.Release|Windows-x86.ActiveCfg = Release|Any CPU
		{8B1FADA9-E812-4569-AFFA-C160192A1F89}.Release|Windows-x86.Build.0 = Release|Any CPU
		{9D495C16-972E-4928-8836-D02BF040DB83}.Debug|Android.ActiveCfg = Debug|Any CPU
		{9D495C16-972E-4928-8836-D02BF040DB83}.Debug|Android.Build.0 = Debug|Any CPU
		{9D495C16-972E-4928-8836-D02BF040DB83}.Debug|Any CPU.ActiveCfg = Debug|Any CPU
		{9D495C16-972E-4928-8836-D02BF040DB83}.Debug|Any CPU.Build.0 = Debug|Any CPU
		{9D495C16-972E-4928-8836-D02BF040DB83}.Debug|iOS.ActiveCfg = Debug|Any CPU
		{9D495C16-972E-4928-8836-D02BF040DB83}.Debug|iOS.Build.0 = Debug|Any CPU
		{9D495C16-972E-4928-8836-D02BF040DB83}.Debug|Windows Phone (Universal).ActiveCfg = Debug|Any CPU
		{9D495C16-972E-4928-8836-D02BF040DB83}.Debug|Windows Phone (Universal).Build.0 = Debug|Any CPU
		{9D495C16-972E-4928-8836-D02BF040DB83}.Debug|Windows Phone 8.ActiveCfg = Debug|Any CPU
		{9D495C16-972E-4928-8836-D02BF040DB83}.Debug|Windows Phone 8.Build.0 = Debug|Any CPU
		{9D495C16-972E-4928-8836-D02BF040DB83}.Debug|Windows-AnyCPU.ActiveCfg = Debug|Any CPU
		{9D495C16-972E-4928-8836-D02BF040DB83}.Debug|Windows-AnyCPU.Build.0 = Debug|Any CPU
		{9D495C16-972E-4928-8836-D02BF040DB83}.Debug|Windows-ARM.ActiveCfg = Debug|Any CPU
		{9D495C16-972E-4928-8836-D02BF040DB83}.Debug|Windows-ARM.Build.0 = Debug|Any CPU
		{9D495C16-972E-4928-8836-D02BF040DB83}.Debug|Windows-x64.ActiveCfg = Debug|Any CPU
		{9D495C16-972E-4928-8836-D02BF040DB83}.Debug|Windows-x64.Build.0 = Debug|Any CPU
		{9D495C16-972E-4928-8836-D02BF040DB83}.Debug|Windows-x86.ActiveCfg = Debug|Any CPU
		{9D495C16-972E-4928-8836-D02BF040DB83}.Debug|Windows-x86.Build.0 = Debug|Any CPU
		{9D495C16-972E-4928-8836-D02BF040DB83}.Release|Android.ActiveCfg = Release|Any CPU
		{9D495C16-972E-4928-8836-D02BF040DB83}.Release|Android.Build.0 = Release|Any CPU
		{9D495C16-972E-4928-8836-D02BF040DB83}.Release|Any CPU.ActiveCfg = Release|Any CPU
		{9D495C16-972E-4928-8836-D02BF040DB83}.Release|Any CPU.Build.0 = Release|Any CPU
		{9D495C16-972E-4928-8836-D02BF040DB83}.Release|iOS.ActiveCfg = Release|Any CPU
		{9D495C16-972E-4928-8836-D02BF040DB83}.Release|iOS.Build.0 = Release|Any CPU
		{9D495C16-972E-4928-8836-D02BF040DB83}.Release|Windows Phone (Universal).ActiveCfg = Release|Any CPU
		{9D495C16-972E-4928-8836-D02BF040DB83}.Release|Windows Phone (Universal).Build.0 = Release|Any CPU
		{9D495C16-972E-4928-8836-D02BF040DB83}.Release|Windows Phone 8.ActiveCfg = Release|Any CPU
		{9D495C16-972E-4928-8836-D02BF040DB83}.Release|Windows Phone 8.Build.0 = Release|Any CPU
		{9D495C16-972E-4928-8836-D02BF040DB83}.Release|Windows-AnyCPU.ActiveCfg = Release|Any CPU
		{9D495C16-972E-4928-8836-D02BF040DB83}.Release|Windows-AnyCPU.Build.0 = Release|Any CPU
		{9D495C16-972E-4928-8836-D02BF040DB83}.Release|Windows-ARM.ActiveCfg = Release|Any CPU
		{9D495C16-972E-4928-8836-D02BF040DB83}.Release|Windows-ARM.Build.0 = Release|Any CPU
		{9D495C16-972E-4928-8836-D02BF040DB83}.Release|Windows-x64.ActiveCfg = Release|Any CPU
		{9D495C16-972E-4928-8836-D02BF040DB83}.Release|Windows-x64.Build.0 = Release|Any CPU
		{9D495C16-972E-4928-8836-D02BF040DB83}.Release|Windows-x86.ActiveCfg = Release|Any CPU
		{9D495C16-972E-4928-8836-D02BF040DB83}.Release|Windows-x86.Build.0 = Release|Any CPU
		{EA444E39-8FE8-4CC0-BF24-A4A4DDF9F328}.Debug|Android.ActiveCfg = Debug|Any CPU
		{EA444E39-8FE8-4CC0-BF24-A4A4DDF9F328}.Debug|Android.Build.0 = Debug|Any CPU
		{EA444E39-8FE8-4CC0-BF24-A4A4DDF9F328}.Debug|Any CPU.ActiveCfg = Debug|Any CPU
		{EA444E39-8FE8-4CC0-BF24-A4A4DDF9F328}.Debug|Any CPU.Build.0 = Debug|Any CPU
		{EA444E39-8FE8-4CC0-BF24-A4A4DDF9F328}.Debug|iOS.ActiveCfg = Debug|Any CPU
		{EA444E39-8FE8-4CC0-BF24-A4A4DDF9F328}.Debug|iOS.Build.0 = Debug|Any CPU
		{EA444E39-8FE8-4CC0-BF24-A4A4DDF9F328}.Debug|Windows Phone (Universal).ActiveCfg = Debug|Any CPU
		{EA444E39-8FE8-4CC0-BF24-A4A4DDF9F328}.Debug|Windows Phone (Universal).Build.0 = Debug|Any CPU
		{EA444E39-8FE8-4CC0-BF24-A4A4DDF9F328}.Debug|Windows Phone 8.ActiveCfg = Debug|Any CPU
		{EA444E39-8FE8-4CC0-BF24-A4A4DDF9F328}.Debug|Windows Phone 8.Build.0 = Debug|Any CPU
		{EA444E39-8FE8-4CC0-BF24-A4A4DDF9F328}.Debug|Windows-AnyCPU.ActiveCfg = Debug|Any CPU
		{EA444E39-8FE8-4CC0-BF24-A4A4DDF9F328}.Debug|Windows-AnyCPU.Build.0 = Debug|Any CPU
		{EA444E39-8FE8-4CC0-BF24-A4A4DDF9F328}.Debug|Windows-ARM.ActiveCfg = Debug|Any CPU
		{EA444E39-8FE8-4CC0-BF24-A4A4DDF9F328}.Debug|Windows-ARM.Build.0 = Debug|Any CPU
		{EA444E39-8FE8-4CC0-BF24-A4A4DDF9F328}.Debug|Windows-x64.ActiveCfg = Debug|Any CPU
		{EA444E39-8FE8-4CC0-BF24-A4A4DDF9F328}.Debug|Windows-x64.Build.0 = Debug|Any CPU
		{EA444E39-8FE8-4CC0-BF24-A4A4DDF9F328}.Debug|Windows-x86.ActiveCfg = Debug|Any CPU
		{EA444E39-8FE8-4CC0-BF24-A4A4DDF9F328}.Debug|Windows-x86.Build.0 = Debug|Any CPU
		{EA444E39-8FE8-4CC0-BF24-A4A4DDF9F328}.Release|Android.ActiveCfg = Release|Any CPU
		{EA444E39-8FE8-4CC0-BF24-A4A4DDF9F328}.Release|Android.Build.0 = Release|Any CPU
		{EA444E39-8FE8-4CC0-BF24-A4A4DDF9F328}.Release|Any CPU.ActiveCfg = Release|Any CPU
		{EA444E39-8FE8-4CC0-BF24-A4A4DDF9F328}.Release|Any CPU.Build.0 = Release|Any CPU
		{EA444E39-8FE8-4CC0-BF24-A4A4DDF9F328}.Release|iOS.ActiveCfg = Release|Any CPU
		{EA444E39-8FE8-4CC0-BF24-A4A4DDF9F328}.Release|iOS.Build.0 = Release|Any CPU
		{EA444E39-8FE8-4CC0-BF24-A4A4DDF9F328}.Release|Windows Phone (Universal).ActiveCfg = Release|Any CPU
		{EA444E39-8FE8-4CC0-BF24-A4A4DDF9F328}.Release|Windows Phone (Universal).Build.0 = Release|Any CPU
		{EA444E39-8FE8-4CC0-BF24-A4A4DDF9F328}.Release|Windows Phone 8.ActiveCfg = Release|Any CPU
		{EA444E39-8FE8-4CC0-BF24-A4A4DDF9F328}.Release|Windows Phone 8.Build.0 = Release|Any CPU
		{EA444E39-8FE8-4CC0-BF24-A4A4DDF9F328}.Release|Windows-AnyCPU.ActiveCfg = Release|Any CPU
		{EA444E39-8FE8-4CC0-BF24-A4A4DDF9F328}.Release|Windows-AnyCPU.Build.0 = Release|Any CPU
		{EA444E39-8FE8-4CC0-BF24-A4A4DDF9F328}.Release|Windows-ARM.ActiveCfg = Release|Any CPU
		{EA444E39-8FE8-4CC0-BF24-A4A4DDF9F328}.Release|Windows-ARM.Build.0 = Release|Any CPU
		{EA444E39-8FE8-4CC0-BF24-A4A4DDF9F328}.Release|Windows-x64.ActiveCfg = Release|Any CPU
		{EA444E39-8FE8-4CC0-BF24-A4A4DDF9F328}.Release|Windows-x64.Build.0 = Release|Any CPU
		{EA444E39-8FE8-4CC0-BF24-A4A4DDF9F328}.Release|Windows-x86.ActiveCfg = Release|Any CPU
		{EA444E39-8FE8-4CC0-BF24-A4A4DDF9F328}.Release|Windows-x86.Build.0 = Release|Any CPU
		{F63EF2B5-30A0-47CD-94B9-F959E02D4599}.Debug|Android.ActiveCfg = Debug|Android
		{F63EF2B5-30A0-47CD-94B9-F959E02D4599}.Debug|Android.Build.0 = Debug|Android
		{F63EF2B5-30A0-47CD-94B9-F959E02D4599}.Debug|Android.Deploy.0 = Debug|Android
		{F63EF2B5-30A0-47CD-94B9-F959E02D4599}.Debug|Any CPU.ActiveCfg = Debug|Android
		{F63EF2B5-30A0-47CD-94B9-F959E02D4599}.Debug|iOS.ActiveCfg = Debug|iOS
		{F63EF2B5-30A0-47CD-94B9-F959E02D4599}.Debug|iOS.Build.0 = Debug|iOS
		{F63EF2B5-30A0-47CD-94B9-F959E02D4599}.Debug|iOS.Deploy.0 = Debug|iOS
		{F63EF2B5-30A0-47CD-94B9-F959E02D4599}.Debug|Windows Phone (Universal).ActiveCfg = Debug|Windows Phone (Universal)
		{F63EF2B5-30A0-47CD-94B9-F959E02D4599}.Debug|Windows Phone (Universal).Build.0 = Debug|Windows Phone (Universal)
		{F63EF2B5-30A0-47CD-94B9-F959E02D4599}.Debug|Windows Phone (Universal).Deploy.0 = Debug|Windows Phone (Universal)
		{F63EF2B5-30A0-47CD-94B9-F959E02D4599}.Debug|Windows Phone 8.ActiveCfg = Debug|Windows Phone 8
		{F63EF2B5-30A0-47CD-94B9-F959E02D4599}.Debug|Windows Phone 8.Build.0 = Debug|Windows Phone 8
		{F63EF2B5-30A0-47CD-94B9-F959E02D4599}.Debug|Windows Phone 8.Deploy.0 = Debug|Windows Phone 8
		{F63EF2B5-30A0-47CD-94B9-F959E02D4599}.Debug|Windows-AnyCPU.ActiveCfg = Debug|Windows-AnyCPU
		{F63EF2B5-30A0-47CD-94B9-F959E02D4599}.Debug|Windows-AnyCPU.Build.0 = Debug|Windows-AnyCPU
		{F63EF2B5-30A0-47CD-94B9-F959E02D4599}.Debug|Windows-AnyCPU.Deploy.0 = Debug|Windows-AnyCPU
		{F63EF2B5-30A0-47CD-94B9-F959E02D4599}.Debug|Windows-ARM.ActiveCfg = Debug|Windows-ARM
		{F63EF2B5-30A0-47CD-94B9-F959E02D4599}.Debug|Windows-ARM.Build.0 = Debug|Windows-ARM
		{F63EF2B5-30A0-47CD-94B9-F959E02D4599}.Debug|Windows-ARM.Deploy.0 = Debug|Windows-ARM
		{F63EF2B5-30A0-47CD-94B9-F959E02D4599}.Debug|Windows-x64.ActiveCfg = Debug|Windows-x64
		{F63EF2B5-30A0-47CD-94B9-F959E02D4599}.Debug|Windows-x64.Build.0 = Debug|Windows-x64
		{F63EF2B5-30A0-47CD-94B9-F959E02D4599}.Debug|Windows-x64.Deploy.0 = Debug|Windows-x64
		{F63EF2B5-30A0-47CD-94B9-F959E02D4599}.Debug|Windows-x86.ActiveCfg = Debug|Windows-x86
		{F63EF2B5-30A0-47CD-94B9-F959E02D4599}.Debug|Windows-x86.Build.0 = Debug|Windows-x86
		{F63EF2B5-30A0-47CD-94B9-F959E02D4599}.Debug|Windows-x86.Deploy.0 = Debug|Windows-x86
		{F63EF2B5-30A0-47CD-94B9-F959E02D4599}.Release|Android.ActiveCfg = Release|Android
		{F63EF2B5-30A0-47CD-94B9-F959E02D4599}.Release|Android.Build.0 = Release|Android
		{F63EF2B5-30A0-47CD-94B9-F959E02D4599}.Release|Android.Deploy.0 = Release|Android
		{F63EF2B5-30A0-47CD-94B9-F959E02D4599}.Release|Any CPU.ActiveCfg = Release|Android
		{F63EF2B5-30A0-47CD-94B9-F959E02D4599}.Release|iOS.ActiveCfg = Release|iOS
		{F63EF2B5-30A0-47CD-94B9-F959E02D4599}.Release|iOS.Build.0 = Release|iOS
		{F63EF2B5-30A0-47CD-94B9-F959E02D4599}.Release|iOS.Deploy.0 = Release|iOS
		{F63EF2B5-30A0-47CD-94B9-F959E02D4599}.Release|Windows Phone (Universal).ActiveCfg = Release|Windows Phone (Universal)
		{F63EF2B5-30A0-47CD-94B9-F959E02D4599}.Release|Windows Phone (Universal).Build.0 = Release|Windows Phone (Universal)
		{F63EF2B5-30A0-47CD-94B9-F959E02D4599}.Release|Windows Phone (Universal).Deploy.0 = Release|Windows Phone (Universal)
		{F63EF2B5-30A0-47CD-94B9-F959E02D4599}.Release|Windows Phone 8.ActiveCfg = Release|Windows Phone 8
		{F63EF2B5-30A0-47CD-94B9-F959E02D4599}.Release|Windows Phone 8.Build.0 = Release|Windows Phone 8
		{F63EF2B5-30A0-47CD-94B9-F959E02D4599}.Release|Windows Phone 8.Deploy.0 = Release|Windows Phone 8
		{F63EF2B5-30A0-47CD-94B9-F959E02D4599}.Release|Windows-AnyCPU.ActiveCfg = Release|Windows-AnyCPU
		{F63EF2B5-30A0-47CD-94B9-F959E02D4599}.Release|Windows-AnyCPU.Build.0 = Release|Windows-AnyCPU
		{F63EF2B5-30A0-47CD-94B9-F959E02D4599}.Release|Windows-AnyCPU.Deploy.0 = Release|Windows-AnyCPU
		{F63EF2B5-30A0-47CD-94B9-F959E02D4599}.Release|Windows-ARM.ActiveCfg = Release|Windows-ARM
		{F63EF2B5-30A0-47CD-94B9-F959E02D4599}.Release|Windows-ARM.Build.0 = Release|Windows-ARM
		{F63EF2B5-30A0-47CD-94B9-F959E02D4599}.Release|Windows-ARM.Deploy.0 = Release|Windows-ARM
		{F63EF2B5-30A0-47CD-94B9-F959E02D4599}.Release|Windows-x64.ActiveCfg = Release|Windows-x64
		{F63EF2B5-30A0-47CD-94B9-F959E02D4599}.Release|Windows-x64.Build.0 = Release|Windows-x64
		{F63EF2B5-30A0-47CD-94B9-F959E02D4599}.Release|Windows-x64.Deploy.0 = Release|Windows-x64
		{F63EF2B5-30A0-47CD-94B9-F959E02D4599}.Release|Windows-x86.ActiveCfg = Release|Windows-x86
		{F63EF2B5-30A0-47CD-94B9-F959E02D4599}.Release|Windows-x86.Build.0 = Release|Windows-x86
		{F63EF2B5-30A0-47CD-94B9-F959E02D4599}.Release|Windows-x86.Deploy.0 = Release|Windows-x86
	EndGlobalSection
	GlobalSection(SolutionProperties) = preSolution
		HideSolutionNode = FALSE
	EndGlobalSection
EndGlobal
